{
  "name": "cmsProject",
  "version": "1.0.0",
  "lockfileVersion": 1,
  "requires": true,
  "dependencies": {
    "autoprefixer-loader": {
      "version": "3.2.0",
      "resolved": "http://registry.npm.taobao.org/autoprefixer-loader/download/autoprefixer-loader-3.2.0.tgz",
      "integrity": "sha1-Oae2ZGqCaYZQc9lYyX9IYVLCyEo=",
      "dev": true
    },
    "axios": {
      "version": "0.17.1",
      "resolved": "http://registry.npm.taobao.org/axios/download/axios-0.17.1.tgz",
      "integrity": "sha1-LY4+XQvb1zJ/kbyBT1xXZg+Bgk0="
    },
    "babel-core": {
      "version": "6.26.0",
      "resolved": "http://registry.npm.taobao.org/babel-core/download/babel-core-6.26.0.tgz",
      "integrity": "sha1-rzL3izGm/O8RnIew/Y2XU/A6C7g=",
      "dev": true,
      "dependencies": {
        "debug": {
          "version": "2.6.9",
          "resolved": "http://registry.npm.taobao.org/debug/download/debug-2.6.9.tgz",
          "integrity": "sha1-XRKFFd8TT/Mn6QpMk/Tgd6U2NB8="
        }
      }
    },
    "babel-loader": {
      "version": "7.1.2",
      "resolved": "http://registry.npm.taobao.org/babel-loader/download/babel-loader-7.1.2.tgz",
      "integrity": "sha1-9svhInEPGqKvTYgcbVtUNYyiQSY=",
      "dev": true,
      "dependencies": {
        "loader-utils": {
          "version": "1.1.0",
          "resolved": "http://registry.npm.taobao.org/loader-utils/download/loader-utils-1.1.0.tgz",
          "integrity": "sha1-yYrvSIvM7aL/teLeZG1qdUQp9c0="
        }
      }
    },
    "babel-plugin-transform-runtime": {
      "version": "6.23.0",
      "resolved": "http://registry.npm.taobao.org/babel-plugin-transform-runtime/download/babel-plugin-transform-runtime-6.23.0.tgz",
      "integrity": "sha1-iEkNRGUC6puOfvsP4J7E2ZR5se4=",
      "dev": true
    },
    "babel-preset-es2015": {
      "version": "6.24.1",
      "resolved": "http://registry.npm.taobao.org/babel-preset-es2015/download/babel-preset-es2015-6.24.1.tgz",
      "integrity": "sha1-1EBQ1rwsn+6nAqrzjXJ6AhBTiTk=",
      "dev": true
    },
    "css-loader": {
      "version": "0.28.7",
      "resolved": "http://registry.npm.taobao.org/css-loader/download/css-loader-0.28.7.tgz",
      "integrity": "sha1-Xy7pid0y7dkHcX+VMxdlYWCZnBs=",
      "dev": true,
      "dependencies": {
        "loader-utils": {
          "version": "1.1.0",
          "resolved": "http://registry.npm.taobao.org/loader-utils/download/loader-utils-1.1.0.tgz",
          "integrity": "sha1-yYrvSIvM7aL/teLeZG1qdUQp9c0="
        }
      }
    },
    "extract-text-webpack-plugin": {
      "version": "2.1.2",
      "resolved": "http://registry.npm.taobao.org/extract-text-webpack-plugin/download/extract-text-webpack-plugin-2.1.2.tgz",
      "integrity": "sha1-dW7076gVXDaBgz+8NNpTuUF0bWw=",
      "dev": true,
      "dependencies": {
        "loader-utils": {
          "version": "1.1.0",
          "resolved": "http://registry.npm.taobao.org/loader-utils/download/loader-utils-1.1.0.tgz",
          "integrity": "sha1-yYrvSIvM7aL/teLeZG1qdUQp9c0="
        }
      }
    },
    "file-loader": {
      "version": "1.1.5",
      "resolved": "http://registry.npm.taobao.org/file-loader/download/file-loader-1.1.5.tgz",
      "integrity": "sha1-kcJba2++VtrpnxCkJf1kkztcnao=",
      "dev": true,
      "dependencies": {
        "loader-utils": {
          "version": "1.1.0",
          "resolved": "http://registry.npm.taobao.org/loader-utils/download/loader-utils-1.1.0.tgz",
          "integrity": "sha1-yYrvSIvM7aL/teLeZG1qdUQp9c0="
        }
      }
    },
    "html-webpack-plugin": {
      "version": "2.30.1",
      "resolved": "http://registry.npm.taobao.org/html-webpack-plugin/download/html-webpack-plugin-2.30.1.tgz",
      "integrity": "sha1-f5xCG36pHsRg9WUn1430hO51N9U=",
      "dev": true
    },
    "less": {
      "version": "2.7.3",
      "resolved": "http://registry.npm.taobao.org/less/download/less-2.7.3.tgz",
      "integrity": "sha1-zBJg9RyQCp7A2R+2mYE54CUHtjs=",
      "dev": true
    },
    "less-loader": {
      "version": "4.0.5",
      "resolved": "http://registry.npm.taobao.org/less-loader/download/less-loader-4.0.5.tgz",
      "integrity": "sha1-rhVadAbKxqzSk9eFWH/P8PR4xN0=",
      "dev": true,
      "dependencies": {
        "clone": {
          "version": "2.1.1",
          "resolved": "http://registry.npm.taobao.org/clone/download/clone-2.1.1.tgz",
          "integrity": "sha1-0hfR6WERjjrJpLi7oyhVU79kfNs="
        },
        "loader-utils": {
          "version": "1.1.0",
          "resolved": "http://registry.npm.taobao.org/loader-utils/download/loader-utils-1.1.0.tgz",
          "integrity": "sha1-yYrvSIvM7aL/teLeZG1qdUQp9c0="
        },
        "pify": {
          "version": "2.3.0",
          "resolved": "http://registry.npm.taobao.org/pify/download/pify-2.3.0.tgz",
          "integrity": "sha1-7RQaasBDqEnqWISY59yosVMw6Qw="
        }
      }
    },
    "mint-ui": {
      "version": "2.2.12",
      "resolved": "http://registry.npm.taobao.org/mint-ui/download/mint-ui-2.2.12.tgz",
      "integrity": "sha1-19AZNjrF1VRWhks3KZQY1O7sgnk="
    },
    "moment": {
      "version": "2.29.2",
      "resolved": "https://registry.npmjs.org/moment/-/moment-2.29.2.tgz",
      "integrity": "sha512-UgzG4rvxYpN15jgCmVJwac49h9ly9NurikMWGPdVxm8GZD6XjkKPxDTjQQ43gtGgnV3X0cAyWDdP2Wexoquifg=="
    },
    "style-loader": {
      "version": "0.19.0",
      "resolved": "http://registry.npm.taobao.org/style-loader/download/style-loader-0.19.0.tgz",
      "integrity": "sha1-cljniPD+5qQtcQ6vfWwkEqTFB1k=",
      "dev": true,
      "dependencies": {
        "loader-utils": {
          "version": "1.1.0",
          "resolved": "http://registry.npm.taobao.org/loader-utils/download/loader-utils-1.1.0.tgz",
          "integrity": "sha1-yYrvSIvM7aL/teLeZG1qdUQp9c0="
        }
      }
    },
    "uglifyjs-webpack-plugin": {
      "version": "1.1.4",
      "resolved": "http://registry.npm.taobao.org/uglifyjs-webpack-plugin/download/uglifyjs-webpack-plugin-1.1.4.tgz",
      "integrity": "sha1-5DrW5zbDFQJOuZSBp8yTYtagZr4=",
      "dev": true,
      "dependencies": {
        "source-map": {
          "version": "0.6.1",
          "resolved": "http://registry.npm.taobao.org/source-map/download/source-map-0.6.1.tgz",
          "integrity": "sha1-dHIq8y6WFOnCh6jQu95IteLxomM="
        },
        "uglify-es": {
          "version": "3.2.2",
          "resolved": "http://registry.npm.taobao.org/uglify-es/download/uglify-es-3.2.2.tgz",
          "integrity": "sha1-FcYrd3UALIG3mHocSezT8SbKznM="
        }
      }
    },
    "url-loader": {
      "version": "0.6.2",
      "resolved": "http://registry.npm.taobao.org/url-loader/download/url-loader-0.6.2.tgz",
      "integrity": "sha1-oAenEJYg6dmI0UvOZ3od7Lmpk/c=",
      "dev": true,
      "dependencies": {
        "loader-utils": {
          "version": "1.1.0",
          "resolved": "http://registry.npm.taobao.org/loader-utils/download/loader-utils-1.1.0.tgz",
          "integrity": "sha1-yYrvSIvM7aL/teLeZG1qdUQp9c0="
        }
      }
    },
    "vue": {
      "version": "2.5.9",
      "resolved": "http://registry.npm.taobao.org/vue/download/vue-2.5.9.tgz",
      "integrity": "sha1-sjgM0ECRXcppiB2v0SHXYJUuZfc="
    },
    "vue-loader": {
      "version": "13.5.0",
      "resolved": "http://registry.npm.taobao.org/vue-loader/download/vue-loader-13.5.0.tgz",
      "integrity": "sha1-UvezeQomfv+AASt36hh6VFht1dQ=",
      "dev": true,
      "dependencies": {
        "ansi-styles": {
          "version": "3.2.0",
          "resolved": "http://registry.npm.taobao.org/ansi-styles/download/ansi-styles-3.2.0.tgz",
          "integrity": "sha1-wVm41b4PnlpvNG2rlPFs4CIWG4g="
        },
        "chalk": {
          "version": "2.3.0",
          "resolved": "http://registry.npm.taobao.org/chalk/download/chalk-2.3.0.tgz",
          "integrity": "sha1-tepI78nBeT3MybR2fJORTT8tUro="
        },
        "has-flag": {
          "version": "2.0.0",
          "resolved": "http://registry.npm.taobao.org/has-flag/download/has-flag-2.0.0.tgz",
          "integrity": "sha1-6CB68cx7MNRGzHC3NLXovhj4jVE="
        },
        "loader-utils": {
          "version": "1.1.0",
          "resolved": "http://registry.npm.taobao.org/loader-utils/download/loader-utils-1.1.0.tgz",
          "integrity": "sha1-yYrvSIvM7aL/teLeZG1qdUQp9c0="
        },
        "postcss": {
          "version": "6.0.14",
          "resolved": "http://registry.npm.taobao.org/postcss/download/postcss-6.0.14.tgz",
          "integrity": "sha1-VTTHIRRznnXQr88BfbhTCZ9WKIU="
        },
        "source-map": {
          "version": "0.6.1",
          "resolved": "http://registry.npm.taobao.org/source-map/download/source-map-0.6.1.tgz",
          "integrity": "sha1-dHIq8y6WFOnCh6jQu95IteLxomM="
        },
        "supports-color": {
          "version": "4.5.0",
          "resolved": "http://registry.npm.taobao.org/supports-color/download/supports-color-4.5.0.tgz",
          "integrity": "sha1-vnoN5ITexcXN34s9WRJQRJEvY1s="
        }
      }
    },
    "vue-preview": {
      "version": "1.0.5",
      "resolved": "http://registry.npm.taobao.org/vue-preview/download/vue-preview-1.0.5.tgz",
      "integrity": "sha1-1QPQtaCx9NwxwKuZahDTw+KyDUQ="
    },
    "vue-router": {
      "version": "3.0.1",
      "resolved": "http://registry.npm.taobao.org/vue-router/download/vue-router-3.0.1.tgz",
      "integrity": "sha1-2bBa2cdCC6D2JtZQDWk+YAkswek="
    },
    "vue-template-compiler": {
      "version": "2.5.9",
      "resolved": "http://registry.npm.taobao.org/vue-template-compiler/download/vue-template-compiler-2.5.9.tgz",
      "integrity": "sha1-f6vHPI09EtMjQM2Gxfwz4A6G1oY=",
      "dev": true
    },
    "webpack": {
      "version": "3.10.0",
      "resolved": "http://registry.npm.taobao.org/webpack/download/webpack-3.10.0.tgz",
      "integrity": "sha1-UpG4dQeM8qv0K90jr+P4+WwX1yU=",
      "dev": true,
      "dependencies": {
        "has-flag": {
          "version": "2.0.0",
          "resolved": "http://registry.npm.taobao.org/has-flag/download/has-flag-2.0.0.tgz",
          "integrity": "sha1-6CB68cx7MNRGzHC3NLXovhj4jVE="
        },
        "loader-utils": {
          "version": "1.1.0",
          "resolved": "http://registry.npm.taobao.org/loader-utils/download/loader-utils-1.1.0.tgz",
          "integrity": "sha1-yYrvSIvM7aL/teLeZG1qdUQp9c0="
        },
        "supports-color": {
          "version": "4.5.0",
          "resolved": "http://registry.npm.taobao.org/supports-color/download/supports-color-4.5.0.tgz",
          "integrity": "sha1-vnoN5ITexcXN34s9WRJQRJEvY1s="
        }
      }
    },
    "webpack-dev-server": {
      "version": "2.9.5",
      "resolved": "http://registry.npm.taobao.org/webpack-dev-server/download/webpack-dev-server-2.9.5.tgz",
      "integrity": "sha1-eTNvugCHpmrkkfSGn2VFd1sY2qg=",
      "dev": true,
      "dependencies": {
        "camelcase": {
          "version": "3.0.0",
          "resolved": "http://registry.npm.taobao.org/camelcase/download/camelcase-3.0.0.tgz",
          "integrity": "sha1-MvxLn82vhF/N9+c7uXysImHwqwo="
        },
        "cliui": {
          "version": "3.2.0",
          "resolved": "http://registry.npm.taobao.org/cliui/download/cliui-3.2.0.tgz",
          "integrity": "sha1-EgYBU3qRbSmUD5NNo7SNWFo5IT0="
        },
        "find-up": {
          "version": "1.1.2",
          "resolved": "http://registry.npm.taobao.org/find-up/download/find-up-1.1.2.tgz",
          "integrity": "sha1-ay6YIrGizgpgq2TWEOzK1TyyTQ8="
        },
        "has-flag": {
          "version": "2.0.0",
          "resolved": "http://registry.npm.taobao.org/has-flag/download/has-flag-2.0.0.tgz",
          "integrity": "sha1-6CB68cx7MNRGzHC3NLXovhj4jVE="
        },
        "load-json-file": {
          "version": "1.1.0",
          "resolved": "http://registry.npm.taobao.org/load-json-file/download/load-json-file-1.1.0.tgz",
          "integrity": "sha1-lWkFcI1YtLq0wiYbBPWfMcmTdMA="
        },
        "os-locale": {
          "version": "1.4.0",
          "resolved": "http://registry.npm.taobao.org/os-locale/download/os-locale-1.4.0.tgz",
          "integrity": "sha1-IPnxeuKe00XoveWDsT0gCYA8FNk="
        },
        "path-exists": {
          "version": "2.1.0",
          "resolved": "http://registry.npm.taobao.org/path-exists/download/path-exists-2.1.0.tgz",
          "integrity": "sha1-D+tsZPD8UY2adU3V77YscCJ2H0s="
        },
        "path-type": {
          "version": "1.1.0",
          "resolved": "http://registry.npm.taobao.org/path-type/download/path-type-1.1.0.tgz",
          "integrity": "sha1-WcRPfuSR2nBNpBXaWkBwuk+P5EE="
        },
        "pify": {
          "version": "2.3.0",
          "resolved": "http://registry.npm.taobao.org/pify/download/pify-2.3.0.tgz",
          "integrity": "sha1-7RQaasBDqEnqWISY59yosVMw6Qw="
        },
        "read-pkg": {
          "version": "1.1.0",
          "resolved": "http://registry.npm.taobao.org/read-pkg/download/read-pkg-1.1.0.tgz",
          "integrity": "sha1-9f+qXs0pyzHAR0vKfXVra7KePyg="
        },
        "read-pkg-up": {
          "version": "1.0.1",
          "resolved": "http://registry.npm.taobao.org/read-pkg-up/download/read-pkg-up-1.0.1.tgz",
          "integrity": "sha1-nWPBMnbAZZGNV/ACpX9AobZD+wI="
        },
        "string-width": {
          "version": "1.0.2",
          "resolved": "http://registry.npm.taobao.org/string-width/download/string-width-1.0.2.tgz",
          "integrity": "sha1-EYvfW4zcUaKn5w0hHgfisLmxB9M="
        },
        "strip-bom": {
          "version": "2.0.0",
          "resolved": "http://registry.npm.taobao.org/strip-bom/download/strip-bom-2.0.0.tgz",
          "integrity": "sha1-YhmoVhZSBJHzV4i9vxRHqZx+aw4="
        },
        "supports-color": {
          "version": "4.5.0",
          "resolved": "http://registry.npm.taobao.org/supports-color/download/supports-color-4.5.0.tgz",
          "integrity": "sha1-vnoN5ITexcXN34s9WRJQRJEvY1s="
        },
        "which-module": {
          "version": "1.0.0",
          "resolved": "http://registry.npm.taobao.org/which-module/download/which-module-1.0.0.tgz",
          "integrity": "sha1-u6Y8qGGUiZT/MHc2CJ47lgJsKk8="
        },
        "yargs": {
          "version": "6.6.0",
          "resolved": "http://registry.npm.taobao.org/yargs/download/yargs-6.6.0.tgz",
          "integrity": "sha1-eC7CHvQDNF+DCoCMo9UTr1YGUgg="
        },
        "yargs-parser": {
          "version": "4.2.1",
          "resolved": "http://registry.npm.taobao.org/yargs-parser/download/yargs-parser-4.2.1.tgz",
          "integrity": "sha1-KczqwNxPA8bIe0qfIX3RjJ90hxw="
        }
      }
    }
  }
}
